
Microsoft Visual Studio Solution File, Format Version 12.00
# Visual Studio Version 16
VisualStudioVersion = 16.0.29123.88
MinimumVisualStudioVersion = 10.0.40219.1
Project("{9A19103F-16F7-4668-BE54-9A1E7A4F7556}") = "Cadastro.MilanLeiloes.API", "Cadastro.MilanLeiloes.API\Cadastro.MilanLeiloes.API.csproj", "{AEDC0068-E0FC-4D15-AAF8-8BA523F8B252}"
EndProject
Project("{FAE04EC0-301F-11D3-BF4B-00C04F79EFBC}") = "Cadastro.MilanLeiloes.Domain", "Cadastro.MilanLeiloes.Domain\Cadastro.MilanLeiloes.Domain.csproj", "{4B639A81-53A2-4A1B-8076-60E9A6037ADA}"
EndProject
Project("{FAE04EC0-301F-11D3-BF4B-00C04F79EFBC}") = "Cadastro.MilanLeiloes.Repository", "Cadastro.MilanLeiloes.Repository\Cadastro.MilanLeiloes.Repository.csproj", "{6FA2D305-ABD7-4A16-B185-4AD01F08B0D6}"
EndProject
Global
	GlobalSection(SolutionConfigurationPlatforms) = preSolution
		Debug|Any CPU = Debug|Any CPU
		Release|Any CPU = Release|Any CPU
	EndGlobalSection
	GlobalSection(ProjectConfigurationPlatforms) = postSolution
		{AEDC0068-E0FC-4D15-AAF8-8BA523F8B252}.Debug|Any CPU.ActiveCfg = Debug|Any CPU
		{AEDC0068-E0FC-4D15-AAF8-8BA523F8B252}.Debug|Any CPU.Build.0 = Debug|Any CPU
		{AEDC0068-E0FC-4D15-AAF8-8BA523F8B252}.Release|Any CPU.ActiveCfg = Release|Any CPU
		{AEDC0068-E0FC-4D15-AAF8-8BA523F8B252}.Release|Any CPU.Build.0 = Release|Any CPU
		{4B639A81-53A2-4A1B-8076-60E9A6037ADA}.Debug|Any CPU.ActiveCfg = Debug|Any CPU
		{4B639A81-53A2-4A1B-8076-60E9A6037ADA}.Debug|Any CPU.Build.0 = Debug|Any CPU
		{4B639A81-53A2-4A1B-8076-60E9A6037ADA}.Release|Any CPU.ActiveCfg = Release|Any CPU
		{4B639A81-53A2-4A1B-8076-60E9A6037ADA}.Release|Any CPU.Build.0 = Release|Any CPU
		{6FA2D305-ABD7-4A16-B185-4AD01F08B0D6}.Debug|Any CPU.ActiveCfg = Debug|Any CPU
		{6FA2D305-ABD7-4A16-B185-4AD01F08B0D6}.Debug|Any CPU.Build.0 = Debug|Any CPU
		{6FA2D305-ABD7-4A16-B185-4AD01F08B0D6}.Release|Any CPU.ActiveCfg = Release|Any CPU
		{6FA2D305-ABD7-4A16-B185-4AD01F08B0D6}.Release|Any CPU.Build.0 = Release|Any CPU
	EndGlobalSection
	GlobalSection(SolutionProperties) = preSolution
		HideSolutionNode = FALSE
	EndGlobalSection
	GlobalSection(ExtensibilityGlobals) = postSolution
		SolutionGuid = {1A3B7C92-6A6D-4D1A-AB4E-F436423158B1}
	EndGlobalSection
EndGlobal
